// !$*UTF8*$!
{
	archiveVersion = 1;
	classes = {
	};
	objectVersion = 48;
	objects = {

/* Begin PBXBuildFile section */
		AC1A74C81FACEEAE00392CB8 /* AppDelegate.swift in Sources */ = {isa = PBXBuildFile; fileRef = AC1A74C71FACEEAE00392CB8 /* AppDelegate.swift */; };
		AC1A74CA1FACEEAE00392CB8 /* MapViewController.swift in Sources */ = {isa = PBXBuildFile; fileRef = AC1A74C91FACEEAE00392CB8 /* MapViewController.swift */; };
		AC1A74CD1FACEEAE00392CB8 /* Main.storyboard in Resources */ = {isa = PBXBuildFile; fileRef = AC1A74CB1FACEEAE00392CB8 /* Main.storyboard */; };
		AC1A74CF1FACEEAE00392CB8 /* Assets.xcassets in Resources */ = {isa = PBXBuildFile; fileRef = AC1A74CE1FACEEAE00392CB8 /* Assets.xcassets */; };
		AC1A74D21FACEEAE00392CB8 /* LaunchScreen.storyboard in Resources */ = {isa = PBXBuildFile; fileRef = AC1A74D01FACEEAE00392CB8 /* LaunchScreen.storyboard */; };
		AC1A74DB1FACEED700392CB8 /* PullUpController.swift in Sources */ = {isa = PBXBuildFile; fileRef = AC1A74DA1FACEED700392CB8 /* PullUpController.swift */; };
		AC1A74DD1FACF09000392CB8 /* SearchViewController.swift in Sources */ = {isa = PBXBuildFile; fileRef = AC1A74DC1FACF09000392CB8 /* SearchViewController.swift */; };
		ACE403581FADF1C500898D01 /* SearchResultCell.swift in Sources */ = {isa = PBXBuildFile; fileRef = ACE403571FADF1C500898D01 /* SearchResultCell.swift */; };
/* End PBXBuildFile section */

/* Begin PBXFileReference section */
		AC1A74C41FACEEAD00392CB8 /* PullUpControllerDemo.app */ = {isa = PBXFileReference; explicitFileType = wrapper.application; includeInIndex = 0; path = PullUpControllerDemo.app; sourceTree = BUILT_PRODUCTS_DIR; };
		AC1A74C71FACEEAE00392CB8 /* AppDelegate.swift */ = {isa = PBXFileReference; lastKnownFileType = sourcecode.swift; path = AppDelegate.swift; sourceTree = "<group>"; };
		AC1A74C91FACEEAE00392CB8 /* MapViewController.swift */ = {isa = PBXFileReference; lastKnownFileType = sourcecode.swift; path = MapViewController.swift; sourceTree = "<group>"; };
		AC1A74CC1FACEEAE00392CB8 /* Base */ = {isa = PBXFileReference; lastKnownFileType = file.storyboard; name = Base; path = Base.lproj/Main.storyboard; sourceTree = "<group>"; };
		AC1A74CE1FACEEAE00392CB8 /* Assets.xcassets */ = {isa = PBXFileReference; lastKnownFileType = folder.assetcatalog; path = Assets.xcassets; sourceTree = "<group>"; };
		AC1A74D11FACEEAE00392CB8 /* Base */ = {isa = PBXFileReference; lastKnownFileType = file.storyboard; name = Base; path = Base.lproj/LaunchScreen.storyboard; sourceTree = "<group>"; };
		AC1A74D31FACEEAE00392CB8 /* Info.plist */ = {isa = PBXFileReference; lastKnownFileType = text.plist.xml; path = Info.plist; sourceTree = "<group>"; };
		AC1A74DA1FACEED700392CB8 /* PullUpController.swift */ = {isa = PBXFileReference; lastKnownFileType = sourcecode.swift; path = PullUpController.swift; sourceTree = "<group>"; };
		AC1A74DC1FACF09000392CB8 /* SearchViewController.swift */ = {isa = PBXFileReference; lastKnownFileType = sourcecode.swift; path = SearchViewController.swift; sourceTree = "<group>"; };
		ACE403571FADF1C500898D01 /* SearchResultCell.swift */ = {isa = PBXFileReference; lastKnownFileType = sourcecode.swift; path = SearchResultCell.swift; sourceTree = "<group>"; };
/* End PBXFileReference section */

/* Begin PBXFrameworksBuildPhase section */
		AC1A74C11FACEEAD00392CB8 /* Frameworks */ = {
			isa = PBXFrameworksBuildPhase;
			buildActionMask = 2147483647;
			files = (
			);
			runOnlyForDeploymentPostprocessing = 0;
		};
/* End PBXFrameworksBuildPhase section */

/* Begin PBXGroup section */
		AC1A74BB1FACEEAD00392CB8 = {
			isa = PBXGroup;
			children = (
				AC1A74D91FACEECD00392CB8 /* PullUpController */,
				AC1A74C61FACEEAD00392CB8 /* PullUpControllerDemo */,
				AC1A74C51FACEEAD00392CB8 /* Products */,
			);
			sourceTree = "<group>";
		};
		AC1A74C51FACEEAD00392CB8 /* Products */ = {
			isa = PBXGroup;
			children = (
				AC1A74C41FACEEAD00392CB8 /* PullUpControllerDemo.app */,
			);
			name = Products;
			sourceTree = "<group>";
		};
		AC1A74C61FACEEAD00392CB8 /* PullUpControllerDemo */ = {
			isa = PBXGroup;
			children = (
				AC1A74D31FACEEAE00392CB8 /* Info.plist */,
				AC1A74C71FACEEAE00392CB8 /* AppDelegate.swift */,
				AC1A74C91FACEEAE00392CB8 /* MapViewController.swift */,
				AC1A74DC1FACF09000392CB8 /* SearchViewController.swift */,
				ACE403571FADF1C500898D01 /* SearchResultCell.swift */,
				AC1A74CE1FACEEAE00392CB8 /* Assets.xcassets */,
				AC1A74D01FACEEAE00392CB8 /* LaunchScreen.storyboard */,
				AC1A74CB1FACEEAE00392CB8 /* Main.storyboard */,
			);
			path = PullUpControllerDemo;
			sourceTree = "<group>";
		};
		AC1A74D91FACEECD00392CB8 /* PullUpController */ = {
			isa = PBXGroup;
			children = (
				AC1A74DA1FACEED700392CB8 /* PullUpController.swift */,
			);
			path = PullUpController;
			sourceTree = "<group>";
		};
/* End PBXGroup section */

/* Begin PBXNativeTarget section */
		AC1A74C31FACEEAD00392CB8 /* PullUpControllerDemo */ = {
			isa = PBXNativeTarget;
			buildConfigurationList = AC1A74D61FACEEAE00392CB8 /* Build configuration list for PBXNativeTarget "PullUpControllerDemo" */;
			buildPhases = (
				AC1A74C01FACEEAD00392CB8 /* Sources */,
				AC1A74C11FACEEAD00392CB8 /* Frameworks */,
				AC1A74C21FACEEAD00392CB8 /* Resources */,
			);
			buildRules = (
			);
			dependencies = (
			);
			name = PullUpControllerDemo;
			productName = SliderControllerDemo;
			productReference = AC1A74C41FACEEAD00392CB8 /* PullUpControllerDemo.app */;
			productType = "com.apple.product-type.application";
		};
/* End PBXNativeTarget section */

/* Begin PBXProject section */
		AC1A74BC1FACEEAD00392CB8 /* Project object */ = {
			isa = PBXProject;
			attributes = {
				LastSwiftUpdateCheck = 0910;
				LastUpgradeCheck = 0910;
				ORGANIZATIONNAME = Mario;
				TargetAttributes = {
					AC1A74C31FACEEAD00392CB8 = {
						CreatedOnToolsVersion = 9.1;
						ProvisioningStyle = Automatic;
					};
				};
			};
			buildConfigurationList = AC1A74BF1FACEEAD00392CB8 /* Build configuration list for PBXProject "PullUpControllerDemo" */;
			compatibilityVersion = "Xcode 8.0";
			developmentRegion = en;
			hasScannedForEncodings = 0;
			knownRegions = (
				en,
				Base,
			);
			mainGroup = AC1A74BB1FACEEAD00392CB8;
			productRefGroup = AC1A74C51FACEEAD00392CB8 /* Products */;
			projectDirPath = "";
			projectRoot = "";
			targets = (
				AC1A74C31FACEEAD00392CB8 /* PullUpControllerDemo */,
			);
		};
/* End PBXProject section */

/* Begin PBXResourcesBuildPhase section */
		AC1A74C21FACEEAD00392CB8 /* Resources */ = {
			isa = PBXResourcesBuildPhase;
			buildActionMask = 2147483647;
			files = (
				AC1A74D21FACEEAE00392CB8 /* LaunchScreen.storyboard in Resources */,
				AC1A74CF1FACEEAE00392CB8 /* Assets.xcassets in Resources */,
				AC1A74CD1FACEEAE00392CB8 /* Main.storyboard in Resources */,
			);
			runOnlyForDeploymentPostprocessing = 0;
		};
/* End PBXResourcesBuildPhase section */

/* Begin PBXSourcesBuildPhase section */
		AC1A74C01FACEEAD00392CB8 /* Sources */ = {
			isa = PBXSourcesBuildPhase;
			buildActionMask = 2147483647;
			files = (
				AC1A74CA1FACEEAE00392CB8 /* MapViewController.swift in Sources */,
				AC1A74DB1FACEED700392CB8 /* PullUpController.swift in Sources */,
				AC1A74DD1FACF09000392CB8 /* SearchViewController.swift in Sources */,
				AC1A74C81FACEEAE00392CB8 /* AppDelegate.swift in Sources */,
				ACE403581FADF1C500898D01 /* SearchResultCell.swift in Sources */,
			);
			runOnlyForDeploymentPostprocessing = 0;
		};
/* End PBXSourcesBuildPhase section */

/* Begin PBXVariantGroup section */
		AC1A74CB1FACEEAE00392CB8 /* Main.storyboard */ = {
			isa = PBXVariantGroup;
			children = (
				AC1A74CC1FACEEAE00392CB8 /* Base */,
			);
			name = Main.storyboard;
			sourceTree = "<group>";
		};
		AC1A74D01FACEEAE00392CB8 /* LaunchScreen.storyboard */ = {
			isa = PBXVariantGroup;
			children = (
				AC1A74D11FACEEAE00392CB8 /* Base */,
			);
			name = LaunchScreen.storyboard;
			sourceTree = "<group>";
		};
/* End PBXVariantGroup section */

/* Begin XCBuildConfiguration section */
		AC1A74D41FACEEAE00392CB8 /* Debug */ = {
			isa = XCBuildConfiguration;
			buildSettings = {
				ALWAYS_SEARCH_USER_PATHS = NO;
				CLANG_ANALYZER_NONNULL = YES;
				CLANG_ANALYZER_NUMBER_OBJECT_CONVERSION = YES_AGGRESSIVE;
				CLANG_CXX_LANGUAGE_STANDARD = "gnu++14";
				CLANG_CXX_LIBRARY = "libc++";
				CLANG_ENABLE_MODULES = YES;
				CLANG_ENABLE_OBJC_ARC = YES;
				CLANG_WARN_BLOCK_CAPTURE_AUTORELEASING = YES;
				CLANG_WARN_BOOL_CONVERSION = YES;
				CLANG_WARN_COMMA = YES;
				CLANG_WARN_CONSTANT_CONVERSION = YES;
				CLANG_WARN_DIRECT_OBJC_ISA_USAGE = YES_ERROR;
				CLANG_WARN_DOCUMENTATION_COMMENTS = YES;
				CLANG_WARN_EMPTY_BODY = YES;
				CLANG_WARN_ENUM_CONVERSION = YES;
				CLANG_WARN_INFINITE_RECURSION = YES;
				CLANG_WARN_INT_CONVERSION = YES;
				CLANG_WARN_NON_LITERAL_NULL_CONVERSION = YES;
				CLANG_WARN_OBJC_LITERAL_CONVERSION = YES;
				CLANG_WARN_OBJC_ROOT_CLASS = YES_ERROR;
				CLANG_WARN_RANGE_LOOP_ANALYSIS = YES;
				CLANG_WARN_STRICT_PROTOTYPES = YES;
				CLANG_WARN_SUSPICIOUS_MOVE = YES;
				CLANG_WARN_UNGUARDED_AVAILABILITY = YES_AGGRESSIVE;
				CLANG_WARN_UNREACHABLE_CODE = YES;
				CLANG_WARN__DUPLICATE_METHOD_MATCH = YES;
				CODE_SIGN_IDENTITY = "iPhone Developer";
				COPY_PHASE_STRIP = NO;
				DEBUG_INFORMATION_FORMAT = dwarf;
				ENABLE_STRICT_OBJC_MSGSEND = YES;
				ENABLE_TESTABILITY = YES;
				GCC_C_LANGUAGE_STANDARD = gnu11;
				GCC_DYNAMIC_NO_PIC = NO;
				GCC_NO_COMMON_BLOCKS = YES;
				GCC_OPTIMIZATION_LEVEL = 0;
				GCC_PREPROCESSOR_DEFINITIONS = (
					"DEBUG=1",
					"$(inherited)",
				);
				GCC_WARN_64_TO_32_BIT_CONVERSION = YES;
				GCC_WARN_ABOUT_RETURN_TYPE = YES_ERROR;
				GCC_WARN_UNDECLARED_SELECTOR = YES;
				GCC_WARN_UNINITIALIZED_AUTOS = YES_AGGRESSIVE;
				GCC_WARN_UNUSED_FUNCTION = YES;
				GCC_WARN_UNUSED_VARIABLE = YES;
				IPHONEOS_DEPLOYMENT_TARGET = 9.0;
				MTL_ENABLE_DEBUG_INFO = YES;
				ONLY_ACTIVE_ARCH = YES;
				SDKROOT = iphoneos;
				SWIFT_ACTIVE_COMPILATION_CONDITIONS = DEBUG;
				SWIFT_OPTIMIZATION_LEVEL = "-Onone";
			};
			name = Debug;
		};
		AC1A74D51FACEEAE00392CB8 /* Release */ = {
			isa = XCBuildConfiguration;
			buildSettings = {
				ALWAYS_SEARCH_USER_PATHS = NO;
				CLANG_ANALYZER_NONNULL = YES;
				CLANG_ANALYZER_NUMBER_OBJECT_CONVERSION = YES_AGGRESSIVE;
				CLANG_CXX_LANGUAGE_STANDARD = "gnu++14";
				CLANG_CXX_LIBRARY = "libc++";
				CLANG_ENABLE_MODULES = YES;
				CLANG_ENABLE_OBJC_ARC = YES;
				CLANG_WARN_BLOCK_CAPTURE_AUTORELEASING = YES;
				CLANG_WARN_BOOL_CONVERSION = YES;
				CLANG_WARN_COMMA = YES;
				CLANG_WARN_CONSTANT_CONVERSION = YES;
				CLANG_WARN_DIRECT_OBJC_ISA_USAGE = YES_ERROR;
				CLANG_WARN_DOCUMENTATION_COMMENTS = YES;
				CLANG_WARN_EMPTY_BODY = YES;
				CLANG_WARN_ENUM_CONVERSION = YES;
				CLANG_WARN_INFINITE_RECURSION = YES;
				CLANG_WARN_INT_CONVERSION = YES;
				CLANG_WARN_NON_LITERAL_NULL_CONVERSION = YES;
				CLANG_WARN_OBJC_LITERAL_CONVERSION = YES;
				CLANG_WARN_OBJC_ROOT_CLASS = YES_ERROR;
				CLANG_WARN_RANGE_LOOP_ANALYSIS = YES;
				CLANG_WARN_STRICT_PROTOTYPES = YES;
				CLANG_WARN_SUSPICIOUS_MOVE = YES;
				CLANG_WARN_UNGUARDED_AVAILABILITY = YES_AGGRESSIVE;
				CLANG_WARN_UNREACHABLE_CODE = YES;
				CLANG_WARN__DUPLICATE_METHOD_MATCH = YES;
				CODE_SIGN_IDENTITY = "iPhone Developer";
				COPY_PHASE_STRIP = NO;
				DEBUG_INFORMATION_FORMAT = "dwarf-with-dsym";
				ENABLE_NS_ASSERTIONS = NO;
				ENABLE_STRICT_OBJC_MSGSEND = YES;
				GCC_C_LANGUAGE_STANDARD = gnu11;
				GCC_NO_COMMON_BLOCKS = YES;
				GCC_WARN_64_TO_32_BIT_CONVERSION = YES;
				GCC_WARN_ABOUT_RETURN_TYPE = YES_ERROR;
				GCC_WARN_UNDECLARED_SELECTOR = YES;
				GCC_WARN_UNINITIALIZED_AUTOS = YES_AGGRESSIVE;
				GCC_WARN_UNUSED_FUNCTION = YES;
				GCC_WARN_UNUSED_VARIABLE = YES;
				IPHONEOS_DEPLOYMENT_TARGET = 9.0;
				MTL_ENABLE_DEBUG_INFO = NO;
				SDKROOT = iphoneos;
				SWIFT_OPTIMIZATION_LEVEL = "-Owholemodule";
				VALIDATE_PRODUCT = YES;
			};
			name = Release;
		};
		AC1A74D71FACEEAE00392CB8 /* Debug */ = {
			isa = XCBuildConfiguration;
			buildSettings = {
				ASSETCATALOG_COMPILER_APPICON_NAME = AppIcon;
				CODE_SIGN_STYLE = Automatic;
				INFOPLIST_FILE = PullUpControllerDemo/Info.plist;
				LD_RUNPATH_SEARCH_PATHS = "$(inherited) @executable_path/Frameworks";
				PRODUCT_BUNDLE_IDENTIFIER = com.marioiannotta.PullUpControllerDemo;
				PRODUCT_NAME = "$(TARGET_NAME)";
				SWIFT_VERSION = 4.0;
				TARGETED_DEVICE_FAMILY = "1,2";
			};
			name = Debug;
		};
		AC1A74D81FACEEAE00392CB8 /* Release */ = {
			isa = XCBuildConfiguration;
			buildSettings = {
				ASSETCATALOG_COMPILER_APPICON_NAME = AppIcon;
				CODE_SIGN_STYLE = Automatic;
				INFOPLIST_FILE = PullUpControllerDemo/Info.plist;
				LD_RUNPATH_SEARCH_PATHS = "$(inherited) @executable_path/Frameworks";
				PRODUCT_BUNDLE_IDENTIFIER = com.marioiannotta.PullUpControllerDemo;
				PRODUCT_NAME = "$(TARGET_NAME)";
				SWIFT_VERSION = 4.0;
				TARGETED_DEVICE_FAMILY = "1,2";
			};
			name = Release;
		};
/* End XCBuildConfiguration section */

/* Begin XCConfigurationList section */
		AC1A74BF1FACEEAD00392CB8 /* Build configuration list for PBXProject "PullUpControllerDemo" */ = {
			isa = XCConfigurationList;
			buildConfigurations = (
				AC1A74D41FACEEAE00392CB8 /* Debug */,
				AC1A74D51FACEEAE00392CB8 /* Release */,
			);
			defaultConfigurationIsVisible = 0;
			defaultConfigurationName = Release;
		};
		AC1A74D61FACEEAE00392CB8 /* Build configuration list for PBXNativeTarget "PullUpControllerDemo" */ = {
			isa = XCConfigurationList;
			buildConfigurations = (
				AC1A74D71FACEEAE00392CB8 /* Debug */,
				AC1A74D81FACEEAE00392CB8 /* Release */,
			);
			defaultConfigurationIsVisible = 0;
			defaultConfigurationName = Release;
		};
/* End XCConfigurationList section */
	};
	rootObject = AC1A74BC1FACEEAD00392CB8 /* Project object */;
}
